
Microsoft Visual Studio Solution File, Format Version 12.00
# Visual Studio 14
VisualStudioVersion = 14.0.25420.1
MinimumVisualStudioVersion = 10.0.40219.1
Project("{FAE04EC0-301F-11D3-BF4B-00C04F79EFBC}") = "basicphotoeditor", "basicphotoeditor\basicphotoeditor.csproj", "{C0614D09-7432-4F88-A62B-5D162FA071C5}"
EndProject
Project("{54435603-DBB4-11D2-8724-00A0C9A8B90C}") = "Basic Photo Editor Installer", "Basic Photo Editor Installer\Basic Photo Editor Installer.vdproj", "{24E81977-1865-46C0-A89A-4A534A285F48}"
EndProject
Global
	GlobalSection(SolutionConfigurationPlatforms) = preSolution
		Debug|Any CPU = Debug|Any CPU
		Release|Any CPU = Release|Any CPU
	EndGlobalSection
	GlobalSection(ProjectConfigurationPlatforms) = postSolution
		{C0614D09-7432-4F88-A62B-5D162FA071C5}.Debug|Any CPU.ActiveCfg = Debug|Any CPU
		{C0614D09-7432-4F88-A62B-5D162FA071C5}.Debug|Any CPU.Build.0 = Debug|Any CPU
		{C0614D09-7432-4F88-A62B-5D162FA071C5}.Release|Any CPU.ActiveCfg = Release|Any CPU
		{C0614D09-7432-4F88-A62B-5D162FA071C5}.Release|Any CPU.Build.0 = Release|Any CPU
		{24E81977-1865-46C0-A89A-4A534A285F48}.Debug|Any CPU.ActiveCfg = Debug
		{24E81977-1865-46C0-A89A-4A534A285F48}.Release|Any CPU.ActiveCfg = Release
	EndGlobalSection
	GlobalSection(SolutionProperties) = preSolution
		HideSolutionNode = FALSE
	EndGlobalSection
EndGlobal
